
Microsoft Visual Studio Solution File, Format Version 12.00
# Visual Studio Version 17
VisualStudioVersion = 17.0.31903.59
MinimumVisualStudioVersion = 10.0.40219.1
Project("{FAE04EC0-301F-11D3-BF4B-00C04F79EFBC}") = "GoodCarRentals", "src\GoodCarRentals.csproj", "{E7675FD8-279F-431D-B3E6-A5FBD71133EB}"
EndProject
Project("{FAE04EC0-301F-11D3-BF4B-00C04F79EFBC}") = "GoodCarRentals.Tests", "tests\GoodCarRentals.Tests.csproj", "{E7409633-24C7-442C-945E-577F2D45E9C6}"
EndProject
Project("{2150E333-8FDC-42A3-9474-1A3956D46DE8}") = "src", "src", "{80EF3AED-96CE-45E3-8954-957A249290A9}"
EndProject
Project("{2150E333-8FDC-42A3-9474-1A3956D46DE8}") = "tests", "tests", "{8D64073A-05C8-461C-AAB9-776CFB2E83E5}"
EndProject
Global
	GlobalSection(SolutionConfigurationPlatforms) = preSolution
		Debug|Any CPU = Debug|Any CPU
		Release|Any CPU = Release|Any CPU
	EndGlobalSection
	GlobalSection(SolutionProperties) = preSolution
		HideSolutionNode = FALSE
	EndGlobalSection
	GlobalSection(ProjectConfigurationPlatforms) = postSolution
		{E7675FD8-279F-431D-B3E6-A5FBD71133EB}.Debug|Any CPU.ActiveCfg = Debug|Any CPU
		{E7675FD8-279F-431D-B3E6-A5FBD71133EB}.Debug|Any CPU.Build.0 = Debug|Any CPU
		{E7675FD8-279F-431D-B3E6-A5FBD71133EB}.Release|Any CPU.ActiveCfg = Release|Any CPU
		{E7675FD8-279F-431D-B3E6-A5FBD71133EB}.Release|Any CPU.Build.0 = Release|Any CPU
		{E7409633-24C7-442C-945E-577F2D45E9C6}.Debug|Any CPU.ActiveCfg = Debug|Any CPU
		{E7409633-24C7-442C-945E-577F2D45E9C6}.Debug|Any CPU.Build.0 = Debug|Any CPU
		{E7409633-24C7-442C-945E-577F2D45E9C6}.Release|Any CPU.ActiveCfg = Release|Any CPU
		{E7409633-24C7-442C-945E-577F2D45E9C6}.Release|Any CPU.Build.0 = Release|Any CPU
	EndGlobalSection
	GlobalSection(NestedProjects) = preSolution
		{E7409633-24C7-442C-945E-577F2D45E9C6} = {8D64073A-05C8-461C-AAB9-776CFB2E83E5}
		{E7675FD8-279F-431D-B3E6-A5FBD71133EB} = {80EF3AED-96CE-45E3-8954-957A249290A9}
	EndGlobalSection
EndGlobal
